
Microsoft Visual Studio Solution File, Format Version 12.00
# Visual Studio Version 17
VisualStudioVersion = 17.12.35527.113 d17.12
MinimumVisualStudioVersion = 10.0.40219.1
Project("{FAE04EC0-301F-11D3-BF4B-00C04F79EFBC}") = "FlashCards.Server", "FlashCards.Server\FlashCards.Server.csproj", "{9CB10E95-ABFA-4777-87BA-54E32F315310}"
EndProject
Project("{54A90642-561A-4BB1-A94E-469ADEE60C69}") = "flashcards.client", "flashcards.client\flashcards.client.esproj", "{1C681902-6D45-4C94-9797-CF9D6F3CF557}"
EndProject
Global
	GlobalSection(SolutionConfigurationPlatforms) = preSolution
		Debug|Any CPU = Debug|Any CPU
		Release|Any CPU = Release|Any CPU
	EndGlobalSection
	GlobalSection(ProjectConfigurationPlatforms) = postSolution
		{9CB10E95-ABFA-4777-87BA-54E32F315310}.Debug|Any CPU.ActiveCfg = Debug|Any CPU
		{9CB10E95-ABFA-4777-87BA-54E32F315310}.Debug|Any CPU.Build.0 = Debug|Any CPU
		{9CB10E95-ABFA-4777-87BA-54E32F315310}.Release|Any CPU.ActiveCfg = Release|Any CPU
		{9CB10E95-ABFA-4777-87BA-54E32F315310}.Release|Any CPU.Build.0 = Release|Any CPU
		{1C681902-6D45-4C94-9797-CF9D6F3CF557}.Debug|Any CPU.ActiveCfg = Debug|Any CPU
		{1C681902-6D45-4C94-9797-CF9D6F3CF557}.Debug|Any CPU.Build.0 = Debug|Any CPU
		{1C681902-6D45-4C94-9797-CF9D6F3CF557}.Debug|Any CPU.Deploy.0 = Debug|Any CPU
		{1C681902-6D45-4C94-9797-CF9D6F3CF557}.Release|Any CPU.ActiveCfg = Release|Any CPU
		{1C681902-6D45-4C94-9797-CF9D6F3CF557}.Release|Any CPU.Build.0 = Release|Any CPU
		{1C681902-6D45-4C94-9797-CF9D6F3CF557}.Release|Any CPU.Deploy.0 = Release|Any CPU
	EndGlobalSection
	GlobalSection(SolutionProperties) = preSolution
		HideSolutionNode = FALSE
	EndGlobalSection
EndGlobal
